// !$*UTF8*$!
{
	archiveVersion = 1;
	classes = {
	};
	objectVersion = 50;
	objects = {

/* Begin PBXBuildFile section */
		5D6D49C4213AF39B00477354 /* AppDelegate.swift in Sources */ = {isa = PBXBuildFile; fileRef = 5D6D49C3213AF39B00477354 /* AppDelegate.swift */; };
		5D6D49C6213AF39B00477354 /* ViewController.swift in Sources */ = {isa = PBXBuildFile; fileRef = 5D6D49C5213AF39B00477354 /* ViewController.swift */; };
		5D6D49C9213AF39B00477354 /* Main.storyboard in Resources */ = {isa = PBXBuildFile; fileRef = 5D6D49C7213AF39B00477354 /* Main.storyboard */; };
		5D6D49CB213AF39C00477354 /* Assets.xcassets in Resources */ = {isa = PBXBuildFile; fileRef = 5D6D49CA213AF39C00477354 /* Assets.xcassets */; };
		5D6D49CE213AF39C00477354 /* LaunchScreen.storyboard in Resources */ = {isa = PBXBuildFile; fileRef = 5D6D49CC213AF39C00477354 /* LaunchScreen.storyboard */; };
		5D6D49D9213AF39C00477354 /* TipCalcTests.swift in Sources */ = {isa = PBXBuildFile; fileRef = 5D6D49D8213AF39C00477354 /* TipCalcTests.swift */; };
		5D6D49E4213B2EC000477354 /* IndividualViewController.swift in Sources */ = {isa = PBXBuildFile; fileRef = 5D6D49E3213B2EC000477354 /* IndividualViewController.swift */; };
/* End PBXBuildFile section */

/* Begin PBXContainerItemProxy section */
		5D6D49D5213AF39C00477354 /* PBXContainerItemProxy */ = {
			isa = PBXContainerItemProxy;
			containerPortal = 5D6D49B8213AF39B00477354 /* Project object */;
			proxyType = 1;
			remoteGlobalIDString = 5D6D49BF213AF39B00477354;
			remoteInfo = TipCalc;
		};
/* End PBXContainerItemProxy section */

/* Begin PBXFileReference section */
		5D6D49C0213AF39B00477354 /* TipCalc.app */ = {isa = PBXFileReference; explicitFileType = wrapper.application; includeInIndex = 0; path = TipCalc.app; sourceTree = BUILT_PRODUCTS_DIR; };
		5D6D49C3213AF39B00477354 /* AppDelegate.swift */ = {isa = PBXFileReference; lastKnownFileType = sourcecode.swift; path = AppDelegate.swift; sourceTree = "<group>"; };
		5D6D49C5213AF39B00477354 /* ViewController.swift */ = {isa = PBXFileReference; lastKnownFileType = sourcecode.swift; path = ViewController.swift; sourceTree = "<group>"; };
		5D6D49C8213AF39B00477354 /* Base */ = {isa = PBXFileReference; lastKnownFileType = file.storyboard; name = Base; path = Base.lproj/Main.storyboard; sourceTree = "<group>"; };
		5D6D49CA213AF39C00477354 /* Assets.xcassets */ = {isa = PBXFileReference; lastKnownFileType = folder.assetcatalog; path = Assets.xcassets; sourceTree = "<group>"; };
		5D6D49CD213AF39C00477354 /* Base */ = {isa = PBXFileReference; lastKnownFileType = file.storyboard; name = Base; path = Base.lproj/LaunchScreen.storyboard; sourceTree = "<group>"; };
		5D6D49CF213AF39C00477354 /* Info.plist */ = {isa = PBXFileReference; lastKnownFileType = text.plist.xml; path = Info.plist; sourceTree = "<group>"; };
		5D6D49D4213AF39C00477354 /* TipCalcTests.xctest */ = {isa = PBXFileReference; explicitFileType = wrapper.cfbundle; includeInIndex = 0; path = TipCalcTests.xctest; sourceTree = BUILT_PRODUCTS_DIR; };
		5D6D49D8213AF39C00477354 /* TipCalcTests.swift */ = {isa = PBXFileReference; lastKnownFileType = sourcecode.swift; path = TipCalcTests.swift; sourceTree = "<group>"; };
		5D6D49DA213AF39C00477354 /* Info.plist */ = {isa = PBXFileReference; lastKnownFileType = text.plist.xml; path = Info.plist; sourceTree = "<group>"; };
		5D6D49E3213B2EC000477354 /* IndividualViewController.swift */ = {isa = PBXFileReference; lastKnownFileType = sourcecode.swift; path = IndividualViewController.swift; sourceTree = "<group>"; };
		5D6D49E5213B2FFE00477354 /* TipCalc */ = {isa = PBXFileReference; lastKnownFileType = folder; name = TipCalc; sourceTree = "<group>"; };
/* End PBXFileReference section */

/* Begin PBXFrameworksBuildPhase section */
		5D6D49BD213AF39B00477354 /* Frameworks */ = {
			isa = PBXFrameworksBuildPhase;
			buildActionMask = 2147483647;
			files = (
			);
			runOnlyForDeploymentPostprocessing = 0;
		};
		5D6D49D1213AF39C00477354 /* Frameworks */ = {
			isa = PBXFrameworksBuildPhase;
			buildActionMask = 2147483647;
			files = (
			);
			runOnlyForDeploymentPostprocessing = 0;
		};
/* End PBXFrameworksBuildPhase section */

/* Begin PBXGroup section */
		5D6D49B7213AF39B00477354 = {
			isa = PBXGroup;
			children = (
				5D6D49C2213AF39B00477354 /* TipCalc */,
				5D6D49D7213AF39C00477354 /* TipCalcTests */,
				5D6D49C1213AF39B00477354 /* Products */,
			);
			sourceTree = "<group>";
		};
		5D6D49C1213AF39B00477354 /* Products */ = {
			isa = PBXGroup;
			children = (
				5D6D49C0213AF39B00477354 /* TipCalc.app */,
				5D6D49D4213AF39C00477354 /* TipCalcTests.xctest */,
			);
			name = Products;
			sourceTree = "<group>";
		};
		5D6D49C2213AF39B00477354 /* TipCalc */ = {
			isa = PBXGroup;
			children = (
				5D6D49C3213AF39B00477354 /* AppDelegate.swift */,
				5D6D49C5213AF39B00477354 /* ViewController.swift */,
				5D6D49C7213AF39B00477354 /* Main.storyboard */,
				5D6D49E3213B2EC000477354 /* IndividualViewController.swift */,
				5D6D49E5213B2FFE00477354 /* TipCalc */,
				5D6D49CA213AF39C00477354 /* Assets.xcassets */,
				5D6D49CC213AF39C00477354 /* LaunchScreen.storyboard */,
				5D6D49CF213AF39C00477354 /* Info.plist */,
			);
			path = TipCalc;
			sourceTree = "<group>";
		};
		5D6D49D7213AF39C00477354 /* TipCalcTests */ = {
			isa = PBXGroup;
			children = (
				5D6D49D8213AF39C00477354 /* TipCalcTests.swift */,
				5D6D49DA213AF39C00477354 /* Info.plist */,
			);
			path = TipCalcTests;
			sourceTree = "<group>";
		};
/* End PBXGroup section */

/* Begin PBXNativeTarget section */
		5D6D49BF213AF39B00477354 /* TipCalc */ = {
			isa = PBXNativeTarget;
			buildConfigurationList = 5D6D49DD213AF39C00477354 /* Build configuration list for PBXNativeTarget "TipCalc" */;
			buildPhases = (
				5D6D49BC213AF39B00477354 /* Sources */,
				5D6D49BD213AF39B00477354 /* Frameworks */,
				5D6D49BE213AF39B00477354 /* Resources */,
			);
			buildRules = (
			);
			dependencies = (
			);
			name = TipCalc;
			productName = TipCalc;
			productReference = 5D6D49C0213AF39B00477354 /* TipCalc.app */;
			productType = "com.apple.product-type.application";
		};
		5D6D49D3213AF39C00477354 /* TipCalcTests */ = {
			isa = PBXNativeTarget;
			buildConfigurationList = 5D6D49E0213AF39C00477354 /* Build configuration list for PBXNativeTarget "TipCalcTests" */;
			buildPhases = (
				5D6D49D0213AF39C00477354 /* Sources */,
				5D6D49D1213AF39C00477354 /* Frameworks */,
				5D6D49D2213AF39C00477354 /* Resources */,
			);
			buildRules = (
			);
			dependencies = (
				5D6D49D6213AF39C00477354 /* PBXTargetDependency */,
			);
			name = TipCalcTests;
			productName = TipCalcTests;
			productReference = 5D6D49D4213AF39C00477354 /* TipCalcTests.xctest */;
			productType = "com.apple.product-type.bundle.unit-test";
		};
/* End PBXNativeTarget section */

/* Begin PBXProject section */
		5D6D49B8213AF39B00477354 /* Project object */ = {
			isa = PBXProject;
			attributes = {
				LastSwiftUpdateCheck = 0940;
				LastUpgradeCheck = 0940;
				ORGANIZATIONNAME = "Brian Casipit";
				TargetAttributes = {
					5D6D49BF213AF39B00477354 = {
						CreatedOnToolsVersion = 9.4.1;
					};
					5D6D49D3213AF39C00477354 = {
						CreatedOnToolsVersion = 9.4.1;
						TestTargetID = 5D6D49BF213AF39B00477354;
					};
				};
			};
			buildConfigurationList = 5D6D49BB213AF39B00477354 /* Build configuration list for PBXProject "TipCalc" */;
			compatibilityVersion = "Xcode 9.3";
			developmentRegion = en;
			hasScannedForEncodings = 0;
			knownRegions = (
				en,
				Base,
			);
			mainGroup = 5D6D49B7213AF39B00477354;
			productRefGroup = 5D6D49C1213AF39B00477354 /* Products */;
			projectDirPath = "";
			projectRoot = "";
			targets = (
				5D6D49BF213AF39B00477354 /* TipCalc */,
				5D6D49D3213AF39C00477354 /* TipCalcTests */,
			);
		};
/* End PBXProject section */

/* Begin PBXResourcesBuildPhase section */
		5D6D49BE213AF39B00477354 /* Resources */ = {
			isa = PBXResourcesBuildPhase;
			buildActionMask = 2147483647;
			files = (
				5D6D49CE213AF39C00477354 /* LaunchScreen.storyboard in Resources */,
				5D6D49CB213AF39C00477354 /* Assets.xcassets in Resources */,
				5D6D49C9213AF39B00477354 /* Main.storyboard in Resources */,
			);
			runOnlyForDeploymentPostprocessing = 0;
		};
		5D6D49D2213AF39C00477354 /* Resources */ = {
			isa = PBXResourcesBuildPhase;
			buildActionMask = 2147483647;
			files = (
			);
			runOnlyForDeploymentPostprocessing = 0;
		};
/* End PBXResourcesBuildPhase section */

/* Begin PBXSourcesBuildPhase section */
		5D6D49BC213AF39B00477354 /* Sources */ = {
			isa = PBXSourcesBuildPhase;
			buildActionMask = 2147483647;
			files = (
				5D6D49C6213AF39B00477354 /* ViewController.swift in Sources */,
				5D6D49E4213B2EC000477354 /* IndividualViewController.swift in Sources */,
				5D6D49C4213AF39B00477354 /* AppDelegate.swift in Sources */,
			);
			runOnlyForDeploymentPostprocessing = 0;
		};
		5D6D49D0213AF39C00477354 /* Sources */ = {
			isa = PBXSourcesBuildPhase;
			buildActionMask = 2147483647;
			files = (
				5D6D49D9213AF39C00477354 /* TipCalcTests.swift in Sources */,
			);
			runOnlyForDeploymentPostprocessing = 0;
		};
/* End PBXSourcesBuildPhase section */

/* Begin PBXTargetDependency section */
		5D6D49D6213AF39C00477354 /* PBXTargetDependency */ = {
			isa = PBXTargetDependency;
			target = 5D6D49BF213AF39B00477354 /* TipCalc */;
			targetProxy = 5D6D49D5213AF39C00477354 /* PBXContainerItemProxy */;
		};
/* End PBXTargetDependency section */

/* Begin PBXVariantGroup section */
		5D6D49C7213AF39B00477354 /* Main.storyboard */ = {
			isa = PBXVariantGroup;
			children = (
				5D6D49C8213AF39B00477354 /* Base */,
			);
			name = Main.storyboard;
			sourceTree = "<group>";
		};
		5D6D49CC213AF39C00477354 /* LaunchScreen.storyboard */ = {
			isa = PBXVariantGroup;
			children = (
				5D6D49CD213AF39C00477354 /* Base */,
			);
			name = LaunchScreen.storyboard;
			sourceTree = "<group>";
		};
/* End PBXVariantGroup section */

/* Begin XCBuildConfiguration section */
		5D6D49DB213AF39C00477354 /* Debug */ = {
			isa = XCBuildConfiguration;
			buildSettings = {
				ALWAYS_SEARCH_USER_PATHS = NO;
				CLANG_ANALYZER_NONNULL = YES;
				CLANG_ANALYZER_NUMBER_OBJECT_CONVERSION = YES_AGGRESSIVE;
				CLANG_CXX_LANGUAGE_STANDARD = "gnu++14";
				CLANG_CXX_LIBRARY = "libc++";
				CLANG_ENABLE_MODULES = YES;
				CLANG_ENABLE_OBJC_ARC = YES;
				CLANG_ENABLE_OBJC_WEAK = YES;
				CLANG_WARN_BLOCK_CAPTURE_AUTORELEASING = YES;
				CLANG_WARN_BOOL_CONVERSION = YES;
				CLANG_WARN_COMMA = YES;
				CLANG_WARN_CONSTANT_CONVERSION = YES;
				CLANG_WARN_DEPRECATED_OBJC_IMPLEMENTATIONS = YES;
				CLANG_WARN_DIRECT_OBJC_ISA_USAGE = YES_ERROR;
				CLANG_WARN_DOCUMENTATION_COMMENTS = YES;
				CLANG_WARN_EMPTY_BODY = YES;
				CLANG_WARN_ENUM_CONVERSION = YES;
				CLANG_WARN_INFINITE_RECURSION = YES;
				CLANG_WARN_INT_CONVERSION = YES;
				CLANG_WARN_NON_LITERAL_NULL_CONVERSION = YES;
				CLANG_WARN_OBJC_IMPLICIT_RETAIN_SELF = YES;
				CLANG_WARN_OBJC_LITERAL_CONVERSION = YES;
				CLANG_WARN_OBJC_ROOT_CLASS = YES_ERROR;
				CLANG_WARN_RANGE_LOOP_ANALYSIS = YES;
				CLANG_WARN_STRICT_PROTOTYPES = YES;
				CLANG_WARN_SUSPICIOUS_MOVE = YES;
				CLANG_WARN_UNGUARDED_AVAILABILITY = YES_AGGRESSIVE;
				CLANG_WARN_UNREACHABLE_CODE = YES;
				CLANG_WARN__DUPLICATE_METHOD_MATCH = YES;
				CODE_SIGN_IDENTITY = "iPhone Developer";
				COPY_PHASE_STRIP = NO;
				DEBUG_INFORMATION_FORMAT = dwarf;
				ENABLE_STRICT_OBJC_MSGSEND = YES;
				ENABLE_TESTABILITY = YES;
				GCC_C_LANGUAGE_STANDARD = gnu11;
				GCC_DYNAMIC_NO_PIC = NO;
				GCC_NO_COMMON_BLOCKS = YES;
				GCC_OPTIMIZATION_LEVEL = 0;
				GCC_PREPROCESSOR_DEFINITIONS = (
					"DEBUG=1",
					"$(inherited)",
				);
				GCC_WARN_64_TO_32_BIT_CONVERSION = YES;
				GCC_WARN_ABOUT_RETURN_TYPE = YES_ERROR;
				GCC_WARN_UNDECLARED_SELECTOR = YES;
				GCC_WARN_UNINITIALIZED_AUTOS = YES_AGGRESSIVE;
				GCC_WARN_UNUSED_FUNCTION = YES;
				GCC_WARN_UNUSED_VARIABLE = YES;
				IPHONEOS_DEPLOYMENT_TARGET = 11.4;
				MTL_ENABLE_DEBUG_INFO = YES;
				ONLY_ACTIVE_ARCH = YES;
				SDKROOT = iphoneos;
				SWIFT_ACTIVE_COMPILATION_CONDITIONS = DEBUG;
				SWIFT_OPTIMIZATION_LEVEL = "-Onone";
			};
			name = Debug;
		};
		5D6D49DC213AF39C00477354 /* Release */ = {
			isa = XCBuildConfiguration;
			buildSettings = {
				ALWAYS_SEARCH_USER_PATHS = NO;
				CLANG_ANALYZER_NONNULL = YES;
				CLANG_ANALYZER_NUMBER_OBJECT_CONVERSION = YES_AGGRESSIVE;
				CLANG_CXX_LANGUAGE_STANDARD = "gnu++14";
				CLANG_CXX_LIBRARY = "libc++";
				CLANG_ENABLE_MODULES = YES;
				CLANG_ENABLE_OBJC_ARC = YES;
				CLANG_ENABLE_OBJC_WEAK = YES;
				CLANG_WARN_BLOCK_CAPTURE_AUTORELEASING = YES;
				CLANG_WARN_BOOL_CONVERSION = YES;
				CLANG_WARN_COMMA = YES;
				CLANG_WARN_CONSTANT_CONVERSION = YES;
				CLANG_WARN_DEPRECATED_OBJC_IMPLEMENTATIONS = YES;
				CLANG_WARN_DIRECT_OBJC_ISA_USAGE = YES_ERROR;
				CLANG_WARN_DOCUMENTATION_COMMENTS = YES;
				CLANG_WARN_EMPTY_BODY = YES;
				CLANG_WARN_ENUM_CONVERSION = YES;
				CLANG_WARN_INFINITE_RECURSION = YES;
				CLANG_WARN_INT_CONVERSION = YES;
				CLANG_WARN_NON_LITERAL_NULL_CONVERSION = YES;
				CLANG_WARN_OBJC_IMPLICIT_RETAIN_SELF = YES;
				CLANG_WARN_OBJC_LITERAL_CONVERSION = YES;
				CLANG_WARN_OBJC_ROOT_CLASS = YES_ERROR;
				CLANG_WARN_RANGE_LOOP_ANALYSIS = YES;
				CLANG_WARN_STRICT_PROTOTYPES = YES;
				CLANG_WARN_SUSPICIOUS_MOVE = YES;
				CLANG_WARN_UNGUARDED_AVAILABILITY = YES_AGGRESSIVE;
				CLANG_WARN_UNREACHABLE_CODE = YES;
				CLANG_WARN__DUPLICATE_METHOD_MATCH = YES;
				CODE_SIGN_IDENTITY = "iPhone Developer";
				COPY_PHASE_STRIP = NO;
				DEBUG_INFORMATION_FORMAT = "dwarf-with-dsym";
				ENABLE_NS_ASSERTIONS = NO;
				ENABLE_STRICT_OBJC_MSGSEND = YES;
				GCC_C_LANGUAGE_STANDARD = gnu11;
				GCC_NO_COMMON_BLOCKS = YES;
				GCC_WARN_64_TO_32_BIT_CONVERSION = YES;
				GCC_WARN_ABOUT_RETURN_TYPE = YES_ERROR;
				GCC_WARN_UNDECLARED_SELECTOR = YES;
				GCC_WARN_UNINITIALIZED_AUTOS = YES_AGGRESSIVE;
				GCC_WARN_UNUSED_FUNCTION = YES;
				GCC_WARN_UNUSED_VARIABLE = YES;
				IPHONEOS_DEPLOYMENT_TARGET = 11.4;
				MTL_ENABLE_DEBUG_INFO = NO;
				SDKROOT = iphoneos;
				SWIFT_COMPILATION_MODE = wholemodule;
				SWIFT_OPTIMIZATION_LEVEL = "-O";
				VALIDATE_PRODUCT = YES;
			};
			name = Release;
		};
		5D6D49DE213AF39C00477354 /* Debug */ = {
			isa = XCBuildConfiguration;
			buildSettings = {
				ASSETCATALOG_COMPILER_APPICON_NAME = AppIcon;
				CODE_SIGN_STYLE = Automatic;
				DEVELOPMENT_TEAM = W54LBZDX8H;
				INFOPLIST_FILE = TipCalc/Info.plist;
				LD_RUNPATH_SEARCH_PATHS = (
					"$(inherited)",
					"@executable_path/Frameworks",
				);
				PRODUCT_BUNDLE_IDENTIFIER = motiveg.TipCalc;
				PRODUCT_NAME = "$(TARGET_NAME)";
				SWIFT_VERSION = 4.0;
				TARGETED_DEVICE_FAMILY = "1,2";
			};
			name = Debug;
		};
		5D6D49DF213AF39C00477354 /* Release */ = {
			isa = XCBuildConfiguration;
			buildSettings = {
				ASSETCATALOG_COMPILER_APPICON_NAME = AppIcon;
				CODE_SIGN_STYLE = Automatic;
				DEVELOPMENT_TEAM = W54LBZDX8H;
				INFOPLIST_FILE = TipCalc/Info.plist;
				LD_RUNPATH_SEARCH_PATHS = (
					"$(inherited)",
					"@executable_path/Frameworks",
				);
				PRODUCT_BUNDLE_IDENTIFIER = motiveg.TipCalc;
				PRODUCT_NAME = "$(TARGET_NAME)";
				SWIFT_VERSION = 4.0;
				TARGETED_DEVICE_FAMILY = "1,2";
			};
			name = Release;
		};
		5D6D49E1213AF39C00477354 /* Debug */ = {
			isa = XCBuildConfiguration;
			buildSettings = {
				ALWAYS_EMBED_SWIFT_STANDARD_LIBRARIES = YES;
				BUNDLE_LOADER = "$(TEST_HOST)";
				CODE_SIGN_STYLE = Automatic;
				INFOPLIST_FILE = TipCalcTests/Info.plist;
				LD_RUNPATH_SEARCH_PATHS = (
					"$(inherited)",
					"@executable_path/Frameworks",
					"@loader_path/Frameworks",
				);
				PRODUCT_BUNDLE_IDENTIFIER = motiveg.TipCalcTests;
				PRODUCT_NAME = "$(TARGET_NAME)";
				SWIFT_VERSION = 4.0;
				TARGETED_DEVICE_FAMILY = "1,2";
				TEST_HOST = "$(BUILT_PRODUCTS_DIR)/TipCalc.app/TipCalc";
			};
			name = Debug;
		};
		5D6D49E2213AF39C00477354 /* Release */ = {
			isa = XCBuildConfiguration;
			buildSettings = {
				ALWAYS_EMBED_SWIFT_STANDARD_LIBRARIES = YES;
				BUNDLE_LOADER = "$(TEST_HOST)";
				CODE_SIGN_STYLE = Automatic;
				INFOPLIST_FILE = TipCalcTests/Info.plist;
				LD_RUNPATH_SEARCH_PATHS = (
					"$(inherited)",
					"@executable_path/Frameworks",
					"@loader_path/Frameworks",
				);
				PRODUCT_BUNDLE_IDENTIFIER = motiveg.TipCalcTests;
				PRODUCT_NAME = "$(TARGET_NAME)";
				SWIFT_VERSION = 4.0;
				TARGETED_DEVICE_FAMILY = "1,2";
				TEST_HOST = "$(BUILT_PRODUCTS_DIR)/TipCalc.app/TipCalc";
			};
			name = Release;
		};
/* End XCBuildConfiguration section */

/* Begin XCConfigurationList section */
		5D6D49BB213AF39B00477354 /* Build configuration list for PBXProject "TipCalc" */ = {
			isa = XCConfigurationList;
			buildConfigurations = (
				5D6D49DB213AF39C00477354 /* Debug */,
				5D6D49DC213AF39C00477354 /* Release */,
			);
			defaultConfigurationIsVisible = 0;
			defaultConfigurationName = Release;
		};
		5D6D49DD213AF39C00477354 /* Build configuration list for PBXNativeTarget "TipCalc" */ = {
			isa = XCConfigurationList;
			buildConfigurations = (
				5D6D49DE213AF39C00477354 /* Debug */,
				5D6D49DF213AF39C00477354 /* Release */,
			);
			defaultConfigurationIsVisible = 0;
			defaultConfigurationName = Release;
		};
		5D6D49E0213AF39C00477354 /* Build configuration list for PBXNativeTarget "TipCalcTests" */ = {
			isa = XCConfigurationList;
			buildConfigurations = (
				5D6D49E1213AF39C00477354 /* Debug */,
				5D6D49E2213AF39C00477354 /* Release */,
			);
			defaultConfigurationIsVisible = 0;
			defaultConfigurationName = Release;
		};
/* End XCConfigurationList section */
	};
	rootObject = 5D6D49B8213AF39B00477354 /* Project object */;
}
